{
  "lockfile_version": "1",
  "packages": {
    "claude-code@latest": {
      "last_modified": "2026-04-05T07:14:34Z",
      "resolved": "github:NixOS/nixpkgs/bd48fcede9287ff448ecc84c4e94a4fca4bd0d72#claude-code",
      "source": "devbox-search",
      "version": "2.1.92",
      "systems": {
        "aarch64-darwin": {
          "outputs": [
            {
              "name": "out",
              "path": "/nix/store/fykidfp6v1mw5a3cc5l0v13w1vbwipfq-claude-code-2.1.92",
              "default": true
            }
          ],
          "store_path": "/nix/store/fykidfp6v1mw5a3cc5l0v13w1vbwipfq-claude-code-2.1.92"
        },
        "aarch64-linux": {
          "outputs": [
            {
              "name": "out",
              "path": "/nix/store/cdaqkh1akzha1w9ciy1m926g2m62c4fj-claude-code-2.1.92",
              "default": true
            }
          ],
          "store_path": "/nix/store/cdaqkh1akzha1w9ciy1m926g2m62c4fj-claude-code-2.1.92"
        },
        "x86_64-darwin": {
          "outputs": [
            {
              "name": "out",
              "path": "/nix/store/zqda0xnbsck6lay0s2w7za1psmgrjwbn-claude-code-2.1.92",
              "default": true
            }
          ],
          "store_path": "/nix/store/zqda0xnbsck6lay0s2w7za1psmgrjwbn-claude-code-2.1.92"
        },
        "x86_64-linux": {
          "outputs": [
            {
              "name": "out",
              "path": "/nix/store/7xbkdwgn5k8i47kghiif44brynxc6z6d-claude-code-2.1.92",
              "default": true
            }
          ],
          "store_path": "/nix/store/7xbkdwgn5k8i47kghiif44brynxc6z6d-claude-code-2.1.92"
        }
      }
    },
    "github:NixOS/nixpkgs/nixpkgs-unstable": {
      "last_modified": "2026-04-05T15:42:39Z",
      "resolved": "github:NixOS/nixpkgs/5e11f7acce6c3469bef9df154d78534fa7ae8b6c?lastModified=1775403759&narHash=sha256-cGyKiTspHEUx3QwAnV3RfyT%2BVOXhHLs%2BNEr17HU34Wo%3D"
    },
    "nodejs@22": {
      "last_modified": "2026-03-27T11:17:38Z",
      "plugin_version": "0.0.2",
      "resolved": "github:NixOS/nixpkgs/832efc09b4caf6b4569fbf9dc01bec3082a00611#nodejs_22",
      "source": "devbox-search",
      "version": "22.22.2",
      "systems": {
        "aarch64-darwin": {
          "outputs": [
            {
              "name": "out",
              "path": "/nix/store/jp1j44w4fvrxvx62fasairgwv80iw6x3-nodejs-22.22.2",
              "default": true
            }
          ],
          "store_path": "/nix/store/jp1j44w4fvrxvx62fasairgwv80iw6x3-nodejs-22.22.2"
        },
        "aarch64-linux": {
          "outputs": [
            {
              "name": "out",
              "path": "/nix/store/8h77mdsa9py3x9xxx2yak50fl6kqf2ma-nodejs-22.22.2",
              "default": true
            }
          ],
          "store_path": "/nix/store/8h77mdsa9py3x9xxx2yak50fl6kqf2ma-nodejs-22.22.2"
        },
        "x86_64-darwin": {
          "outputs": [
            {
              "name": "out",
              "path": "/nix/store/xn66x7bs1winnfa4pakr9lrjamb9bmj3-nodejs-22.22.2",
              "default": true
            }
          ],
          "store_path": "/nix/store/xn66x7bs1winnfa4pakr9lrjamb9bmj3-nodejs-22.22.2"
        },
        "x86_64-linux": {
          "outputs": [
            {
              "name": "out",
              "path": "/nix/store/h2barca1k5pmvcyl9fwrzwrb4cn1b248-nodejs-22.22.2",
              "default": true
            }
          ],
          "store_path": "/nix/store/h2barca1k5pmvcyl9fwrzwrb4cn1b248-nodejs-22.22.2"
        }
      }
    }
  }
}
